# This file is automatically @generated by Poetry 1.8.3 and should not be changed by hand.

[[package]]
name = "dearpygui"
version = "1.11.1"
description = "DearPyGui: A simple Python GUI Toolkit"
optional = false
python-versions = ">=3.7"
files = [
    {file = "dearpygui-1.11.1-cp310-cp310-macosx_10_6_x86_64.whl", hash = "sha256:b668f28aab63d8ad0b2768add4e689bedb7480e8c3390edcce7a0f5d296fd61f"},
    {file = "dearpygui-1.11.1-cp310-cp310-macosx_13_0_arm64.whl", hash = "sha256:39d099b1ca97fd7d36934a5187fc4cd868d4772e504290a70fc95eda03c5125d"},
    {file = "dearpygui-1.11.1-cp310-cp310-manylinux1_x86_64.whl", hash = "sha256:3ba12334d993b653df2d07fe34c93c4ec65e54c022066ba245cd596a18b43a68"},
    {file = "dearpygui-1.11.1-cp310-cp310-win_amd64.whl", hash = "sha256:6cf4c44db1f016ff3eab367f7bde7f169bad5f2f90b974c202808112a69a2b15"},
    {file = "dearpygui-1.11.1-cp311-cp311-macosx_10_6_x86_64.whl", hash = "sha256:cc15cd13c1aeae2847ed9c4b2201169add3efdedf564eb706f5b5896ddaa5d8a"},
    {file = "dearpygui-1.11.1-cp311-cp311-macosx_13_0_arm64.whl", hash = "sha256:9eb7d581863d39543b213252041ed25856acbfa58c57291e6acb6ccbf0c2727b"},
    {file = "dearpygui-1.11.1-cp311-cp311-manylinux1_x86_64.whl", hash = "sha256:564ff3af657f7becd059b6611e162cc9cd8148befaf8aadb10e4fb76d57df3ef"},
    {file = "dearpygui-1.11.1-cp311-cp311-win_amd64.whl", hash = "sha256:ac6e9bde61dcb3cc253da59e70fe2b743d3c3b5791d415eaa8d307f4517048ca"},
    {file = "dearpygui-1.11.1-cp312-cp312-macosx_10_6_x86_64.whl", hash = "sha256:ccf576117ed2159cd66b419458d060923c9dcebe7fe57c65b4f4c4889287845d"},
    {file = "dearpygui-1.11.1-cp312-cp312-macosx_13_0_arm64.whl", hash = "sha256:1d632e1acdaa986a8c32b57112b84685b92d9a41f18580e14d463d7ed7a52673"},
    {file = "dearpygui-1.11.1-cp312-cp312-manylinux1_x86_64.whl", hash = "sha256:ca4f7ba667f64ee682dfcb3399d9d43df6821b2d962b96b4fa4535de5776f538"},
    {file = "dearpygui-1.11.1-cp312-cp312-win_amd64.whl", hash = "sha256:8ce9881a629de72e05ca8b1ce7cefcdd77b624eb7eba6f7d6629848d84a797f6"},
    {file = "dearpygui-1.11.1-cp38-cp38-macosx_10_6_x86_64.whl", hash = "sha256:39011ccb3a3ecfe3ebccfd8c4211c2c1446abd2865cbe4ccb67dc50a7a812bfb"},
    {file = "dearpygui-1.11.1-cp38-cp38-manylinux1_x86_64.whl", hash = "sha256:e1dde63d20ac062530debee001ad649190a7e09622762601454c4191799f13b8"},
    {file = "dearpygui-1.11.1-cp38-cp38-win_amd64.whl", hash = "sha256:23ce7ce8e5ba24d31bd6468cc43b56f8f257ace4dce3bc5fe449c546c340893a"},
    {file = "dearpygui-1.11.1-cp39-cp39-macosx_10_6_x86_64.whl", hash = "sha256:d22285f9a5f1377d87effd1f27020eec3ae0386f7c15a4893809909b82c62b1b"},
    {file = "dearpygui-1.11.1-cp39-cp39-manylinux1_x86_64.whl", hash = "sha256:f632bd94772e00313d0956bb9f9822c3ebcb7aa93f135f09e2fa187f3b06cea8"},
    {file = "dearpygui-1.11.1-cp39-cp39-win_amd64.whl", hash = "sha256:0c7c4849bc674e825750be69ee480450c3589c7d159955032776aaef5e7fda58"},
]

[[package]]
name = "psutil"
version = "6.0.0"
description = "Cross-platform lib for process and system monitoring in Python."
optional = false
python-versions = "!=3.0.*,!=3.1.*,!=3.2.*,!=3.3.*,!=3.4.*,!=3.5.*,>=2.7"
files = [
    {file = "psutil-6.0.0-cp27-cp27m-macosx_10_9_x86_64.whl", hash = "sha256:a021da3e881cd935e64a3d0a20983bda0bb4cf80e4f74fa9bfcb1bc5785360c6"},
    {file = "psutil-6.0.0-cp27-cp27m-manylinux2010_i686.whl", hash = "sha256:1287c2b95f1c0a364d23bc6f2ea2365a8d4d9b726a3be7294296ff7ba97c17f0"},
    {file = "psutil-6.0.0-cp27-cp27m-manylinux2010_x86_64.whl", hash = "sha256:a9a3dbfb4de4f18174528d87cc352d1f788b7496991cca33c6996f40c9e3c92c"},
    {file = "psutil-6.0.0-cp27-cp27mu-manylinux2010_i686.whl", hash = "sha256:6ec7588fb3ddaec7344a825afe298db83fe01bfaaab39155fa84cf1c0d6b13c3"},
    {file = "psutil-6.0.0-cp27-cp27mu-manylinux2010_x86_64.whl", hash = "sha256:1e7c870afcb7d91fdea2b37c24aeb08f98b6d67257a5cb0a8bc3ac68d0f1a68c"},
    {file = "psutil-6.0.0-cp27-none-win32.whl", hash = "sha256:02b69001f44cc73c1c5279d02b30a817e339ceb258ad75997325e0e6169d8b35"},
    {file = "psutil-6.0.0-cp27-none-win_amd64.whl", hash = "sha256:21f1fb635deccd510f69f485b87433460a603919b45e2a324ad65b0cc74f8fb1"},
    {file = "psutil-6.0.0-cp36-abi3-macosx_10_9_x86_64.whl", hash = "sha256:c588a7e9b1173b6e866756dde596fd4cad94f9399daf99ad8c3258b3cb2b47a0"},
    {file = "psutil-6.0.0-cp36-abi3-manylinux_2_12_i686.manylinux2010_i686.manylinux_2_17_i686.manylinux2014_i686.whl", hash = "sha256:6ed2440ada7ef7d0d608f20ad89a04ec47d2d3ab7190896cd62ca5fc4fe08bf0"},
    {file = "psutil-6.0.0-cp36-abi3-manylinux_2_12_x86_64.manylinux2010_x86_64.manylinux_2_17_x86_64.manylinux2014_x86_64.whl", hash = "sha256:5fd9a97c8e94059b0ef54a7d4baf13b405011176c3b6ff257c247cae0d560ecd"},
    {file = "psutil-6.0.0-cp36-abi3-manylinux_2_17_aarch64.manylinux2014_aarch64.whl", hash = "sha256:e2e8d0054fc88153ca0544f5c4d554d42e33df2e009c4ff42284ac9ebdef4132"},
    {file = "psutil-6.0.0-cp36-cp36m-win32.whl", hash = "sha256:fc8c9510cde0146432bbdb433322861ee8c3efbf8589865c8bf8d21cb30c4d14"},
    {file = "psutil-6.0.0-cp36-cp36m-win_amd64.whl", hash = "sha256:34859b8d8f423b86e4385ff3665d3f4d94be3cdf48221fbe476e883514fdb71c"},
    {file = "psutil-6.0.0-cp37-abi3-win32.whl", hash = "sha256:a495580d6bae27291324fe60cea0b5a7c23fa36a7cd35035a16d93bdcf076b9d"},
    {file = "psutil-6.0.0-cp37-abi3-win_amd64.whl", hash = "sha256:33ea5e1c975250a720b3a6609c490db40dae5d83a4eb315170c4fe0d8b1f34b3"},
    {file = "psutil-6.0.0-cp38-abi3-macosx_11_0_arm64.whl", hash = "sha256:ffe7fc9b6b36beadc8c322f84e1caff51e8703b88eee1da46d1e3a6ae11b4fd0"},
    {file = "psutil-6.0.0.tar.gz", hash = "sha256:8faae4f310b6d969fa26ca0545338b21f73c6b15db7c4a8d934a5482faa818f2"},
]

[package.extras]
test = ["enum34", "ipaddress", "mock", "pywin32", "wmi"]

[[package]]
name = "python-dotenv"
version = "1.0.1"
description = "Read key-value pairs from a .env file and set them as environment variables"
optional = false
python-versions = ">=3.8"
files = [
    {file = "python-dotenv-1.0.1.tar.gz", hash = "sha256:e324ee90a023d808f1959c46bcbc04446a10ced277783dc6ee09987c37ec10ca"},
    {file = "python_dotenv-1.0.1-py3-none-any.whl", hash = "sha256:f7b63ef50f1b690dddf550d03497b66d609393b40b564ed0d674909a68ebf16a"},
]

[package.extras]
cli = ["click (>=5.0)"]

[[package]]
name = "pytz"
version = "2024.1"
description = "World timezone definitions, modern and historical"
optional = false
python-versions = "*"
files = [
    {file = "pytz-2024.1-py2.py3-none-any.whl", hash = "sha256:328171f4e3623139da4983451950b28e95ac706e13f3f2630a879749e7a8b319"},
    {file = "pytz-2024.1.tar.gz", hash = "sha256:2a29735ea9c18baf14b448846bde5a48030ed267578472d8955cd0e7443a9812"},
]

[[package]]
name = "redis"
version = "5.0.7"
description = "Python client for Redis database and key-value store"
optional = false
python-versions = ">=3.7"
files = [
    {file = "redis-5.0.7-py3-none-any.whl", hash = "sha256:0e479e24da960c690be5d9b96d21f7b918a98c0cf49af3b6fafaa0753f93a0db"},
    {file = "redis-5.0.7.tar.gz", hash = "sha256:8f611490b93c8109b50adc317b31bfd84fff31def3475b92e7e80bf39f48175b"},
]

[package.extras]
hiredis = ["hiredis (>=1.0.0)"]
ocsp = ["cryptography (>=36.0.1)", "pyopenssl (==20.0.1)", "requests (>=2.26.0)"]

[[package]]
name = "termcolor"
version = "2.4.0"
description = "ANSI color formatting for output in terminal"
optional = false
python-versions = ">=3.8"
files = [
    {file = "termcolor-2.4.0-py3-none-any.whl", hash = "sha256:9297c0df9c99445c2412e832e882a7884038a25617c60cea2ad69488d4040d63"},
    {file = "termcolor-2.4.0.tar.gz", hash = "sha256:aab9e56047c8ac41ed798fa36d892a37aca6b3e9159f3e0c24bc64a9b3ac7b7a"},
]

[package.extras]
tests = ["pytest", "pytest-cov"]

[metadata]
lock-version = "2.0"
python-versions = "^3.12"
content-hash = "0199e0e3ddea798b5ba55f92081027edb1207866e08a67794f3f186b36205396"
